
Microsoft Visual Studio Solution File, Format Version 12.00
# Visual Studio Version 16
VisualStudioVersion = 16.0.30413.136
MinimumVisualStudioVersion = 10.0.40219.1
Project("{9A19103F-16F7-4668-BE54-9A1E7A4F7556}") = "APIProject", "APIProject\APIProject.csproj", "{FC1C04E3-F45E-4237-9E68-0035EE5A00DC}"
EndProject
Project("{9A19103F-16F7-4668-BE54-9A1E7A4F7556}") = "ProjectDB", "EmployeeDB\ProjectDB.csproj", "{B2581341-0BFA-4EBF-92E8-EC3318F69B9F}"
EndProject
Project("{9A19103F-16F7-4668-BE54-9A1E7A4F7556}") = "CommonModel", "CommonModel\CommonModel.csproj", "{0659AEB1-5879-4EBE-93A0-B9F0538725BE}"
EndProject
Project("{9A19103F-16F7-4668-BE54-9A1E7A4F7556}") = "ServiceProject", "ServiceProject\ServiceProject.csproj", "{3F3262C4-E48E-467F-86ED-3D355EB0276E}"
EndProject
Project("{9A19103F-16F7-4668-BE54-9A1E7A4F7556}") = "DataRepository", "BusinessService\DataRepository.csproj", "{B1C17BD7-4676-4021-A08B-2EA13D8BC14F}"
EndProject
Global
	GlobalSection(SolutionConfigurationPlatforms) = preSolution
		Debug|Any CPU = Debug|Any CPU
		Release|Any CPU = Release|Any CPU
	EndGlobalSection
	GlobalSection(ProjectConfigurationPlatforms) = postSolution
		{FC1C04E3-F45E-4237-9E68-0035EE5A00DC}.Debug|Any CPU.ActiveCfg = Debug|Any CPU
		{FC1C04E3-F45E-4237-9E68-0035EE5A00DC}.Debug|Any CPU.Build.0 = Debug|Any CPU
		{FC1C04E3-F45E-4237-9E68-0035EE5A00DC}.Release|Any CPU.ActiveCfg = Release|Any CPU
		{FC1C04E3-F45E-4237-9E68-0035EE5A00DC}.Release|Any CPU.Build.0 = Release|Any CPU
		{B2581341-0BFA-4EBF-92E8-EC3318F69B9F}.Debug|Any CPU.ActiveCfg = Debug|Any CPU
		{B2581341-0BFA-4EBF-92E8-EC3318F69B9F}.Debug|Any CPU.Build.0 = Debug|Any CPU
		{B2581341-0BFA-4EBF-92E8-EC3318F69B9F}.Release|Any CPU.ActiveCfg = Release|Any CPU
		{B2581341-0BFA-4EBF-92E8-EC3318F69B9F}.Release|Any CPU.Build.0 = Release|Any CPU
		{0659AEB1-5879-4EBE-93A0-B9F0538725BE}.Debug|Any CPU.ActiveCfg = Debug|Any CPU
		{0659AEB1-5879-4EBE-93A0-B9F0538725BE}.Debug|Any CPU.Build.0 = Debug|Any CPU
		{0659AEB1-5879-4EBE-93A0-B9F0538725BE}.Release|Any CPU.ActiveCfg = Release|Any CPU
		{0659AEB1-5879-4EBE-93A0-B9F0538725BE}.Release|Any CPU.Build.0 = Release|Any CPU
		{3F3262C4-E48E-467F-86ED-3D355EB0276E}.Debug|Any CPU.ActiveCfg = Debug|Any CPU
		{3F3262C4-E48E-467F-86ED-3D355EB0276E}.Debug|Any CPU.Build.0 = Debug|Any CPU
		{3F3262C4-E48E-467F-86ED-3D355EB0276E}.Release|Any CPU.ActiveCfg = Release|Any CPU
		{3F3262C4-E48E-467F-86ED-3D355EB0276E}.Release|Any CPU.Build.0 = Release|Any CPU
		{B1C17BD7-4676-4021-A08B-2EA13D8BC14F}.Debug|Any CPU.ActiveCfg = Debug|Any CPU
		{B1C17BD7-4676-4021-A08B-2EA13D8BC14F}.Debug|Any CPU.Build.0 = Debug|Any CPU
		{B1C17BD7-4676-4021-A08B-2EA13D8BC14F}.Release|Any CPU.ActiveCfg = Release|Any CPU
		{B1C17BD7-4676-4021-A08B-2EA13D8BC14F}.Release|Any CPU.Build.0 = Release|Any CPU
	EndGlobalSection
	GlobalSection(SolutionProperties) = preSolution
		HideSolutionNode = FALSE
	EndGlobalSection
	GlobalSection(ExtensibilityGlobals) = postSolution
		SolutionGuid = {51660E4B-F31C-4BE1-9E1E-369339220838}
	EndGlobalSection
EndGlobal
